// !$*UTF8*$!
{
	archiveVersion = 1;
	classes = {
	};
	objectVersion = 55;
	objects = {

/* Begin PBXBuildFile section */
		90292578288E953F009EA09F /* MainPageProtocols.swift in Sources */ = {isa = PBXBuildFile; fileRef = 90292577288E953F009EA09F /* MainPageProtocols.swift */; };
		9029257A288E954D009EA09F /* MainPageRouter.swift in Sources */ = {isa = PBXBuildFile; fileRef = 90292579288E954D009EA09F /* MainPageRouter.swift */; };
		9029257C288E9565009EA09F /* MainPageInteractor.swift in Sources */ = {isa = PBXBuildFile; fileRef = 9029257B288E9565009EA09F /* MainPageInteractor.swift */; };
		9029257E288E957B009EA09F /* MainPagePresenter.swift in Sources */ = {isa = PBXBuildFile; fileRef = 9029257D288E957B009EA09F /* MainPagePresenter.swift */; };
		90292585288E95D1009EA09F /* UserRegistrationProtocols.swift in Sources */ = {isa = PBXBuildFile; fileRef = 90292584288E95D1009EA09F /* UserRegistrationProtocols.swift */; };
		90292587288E95DD009EA09F /* UserRegistrationRouter.swift in Sources */ = {isa = PBXBuildFile; fileRef = 90292586288E95DD009EA09F /* UserRegistrationRouter.swift */; };
		90292589288E95EA009EA09F /* UserRegistrationInteractor.swift in Sources */ = {isa = PBXBuildFile; fileRef = 90292588288E95EA009EA09F /* UserRegistrationInteractor.swift */; };
		9029258B288E95F5009EA09F /* UserRegistrationPresenter.swift in Sources */ = {isa = PBXBuildFile; fileRef = 9029258A288E95F5009EA09F /* UserRegistrationPresenter.swift */; };
		90292592288E964C009EA09F /* UserDetailProtocols.swift in Sources */ = {isa = PBXBuildFile; fileRef = 90292591288E964C009EA09F /* UserDetailProtocols.swift */; };
		90292594288E9658009EA09F /* UserDetailRouter.swift in Sources */ = {isa = PBXBuildFile; fileRef = 90292593288E9658009EA09F /* UserDetailRouter.swift */; };
		90292596288E9666009EA09F /* UserDetailInteractor.swift in Sources */ = {isa = PBXBuildFile; fileRef = 90292595288E9666009EA09F /* UserDetailInteractor.swift */; };
		90292598288E9674009EA09F /* UserDetailPresenter.swift in Sources */ = {isa = PBXBuildFile; fileRef = 90292597288E9674009EA09F /* UserDetailPresenter.swift */; };
		902C3869288D804B002F666E /* AppDelegate.swift in Sources */ = {isa = PBXBuildFile; fileRef = 902C3868288D804B002F666E /* AppDelegate.swift */; };
		902C386B288D804B002F666E /* SceneDelegate.swift in Sources */ = {isa = PBXBuildFile; fileRef = 902C386A288D804B002F666E /* SceneDelegate.swift */; };
		902C386D288D804B002F666E /* MainPageVC.swift in Sources */ = {isa = PBXBuildFile; fileRef = 902C386C288D804B002F666E /* MainPageVC.swift */; };
		902C3870288D804B002F666E /* Main.storyboard in Resources */ = {isa = PBXBuildFile; fileRef = 902C386E288D804B002F666E /* Main.storyboard */; };
		902C3872288D804D002F666E /* Assets.xcassets in Resources */ = {isa = PBXBuildFile; fileRef = 902C3871288D804D002F666E /* Assets.xcassets */; };
		902C3875288D804D002F666E /* LaunchScreen.storyboard in Resources */ = {isa = PBXBuildFile; fileRef = 902C3873288D804D002F666E /* LaunchScreen.storyboard */; };
		902C387D288D80FC002F666E /* UserRegistrationVC.swift in Sources */ = {isa = PBXBuildFile; fileRef = 902C387C288D80FC002F666E /* UserRegistrationVC.swift */; };
		902C387F288D810F002F666E /* UserDetailVC.swift in Sources */ = {isa = PBXBuildFile; fileRef = 902C387E288D810F002F666E /* UserDetailVC.swift */; };
		902C3881288D85D7002F666E /* Users.swift in Sources */ = {isa = PBXBuildFile; fileRef = 902C3880288D85D7002F666E /* Users.swift */; };
		902C3883288D88B1002F666E /* TableViewCell.swift in Sources */ = {isa = PBXBuildFile; fileRef = 902C3882288D88B1002F666E /* TableViewCell.swift */; };
/* End PBXBuildFile section */

/* Begin PBXFileReference section */
		90292577288E953F009EA09F /* MainPageProtocols.swift */ = {isa = PBXFileReference; lastKnownFileType = sourcecode.swift; path = MainPageProtocols.swift; sourceTree = "<group>"; };
		90292579288E954D009EA09F /* MainPageRouter.swift */ = {isa = PBXFileReference; lastKnownFileType = sourcecode.swift; path = MainPageRouter.swift; sourceTree = "<group>"; };
		9029257B288E9565009EA09F /* MainPageInteractor.swift */ = {isa = PBXFileReference; lastKnownFileType = sourcecode.swift; path = MainPageInteractor.swift; sourceTree = "<group>"; };
		9029257D288E957B009EA09F /* MainPagePresenter.swift */ = {isa = PBXFileReference; lastKnownFileType = sourcecode.swift; path = MainPagePresenter.swift; sourceTree = "<group>"; };
		90292584288E95D1009EA09F /* UserRegistrationProtocols.swift */ = {isa = PBXFileReference; lastKnownFileType = sourcecode.swift; path = UserRegistrationProtocols.swift; sourceTree = "<group>"; };
		90292586288E95DD009EA09F /* UserRegistrationRouter.swift */ = {isa = PBXFileReference; lastKnownFileType = sourcecode.swift; path = UserRegistrationRouter.swift; sourceTree = "<group>"; };
		90292588288E95EA009EA09F /* UserRegistrationInteractor.swift */ = {isa = PBXFileReference; lastKnownFileType = sourcecode.swift; path = UserRegistrationInteractor.swift; sourceTree = "<group>"; };
		9029258A288E95F5009EA09F /* UserRegistrationPresenter.swift */ = {isa = PBXFileReference; lastKnownFileType = sourcecode.swift; path = UserRegistrationPresenter.swift; sourceTree = "<group>"; };
		90292591288E964C009EA09F /* UserDetailProtocols.swift */ = {isa = PBXFileReference; lastKnownFileType = sourcecode.swift; path = UserDetailProtocols.swift; sourceTree = "<group>"; };
		90292593288E9658009EA09F /* UserDetailRouter.swift */ = {isa = PBXFileReference; lastKnownFileType = sourcecode.swift; path = UserDetailRouter.swift; sourceTree = "<group>"; };
		90292595288E9666009EA09F /* UserDetailInteractor.swift */ = {isa = PBXFileReference; lastKnownFileType = sourcecode.swift; path = UserDetailInteractor.swift; sourceTree = "<group>"; };
		90292597288E9674009EA09F /* UserDetailPresenter.swift */ = {isa = PBXFileReference; lastKnownFileType = sourcecode.swift; path = UserDetailPresenter.swift; sourceTree = "<group>"; };
		902C3865288D804B002F666E /* UsersApp.app */ = {isa = PBXFileReference; explicitFileType = wrapper.application; includeInIndex = 0; path = UsersApp.app; sourceTree = BUILT_PRODUCTS_DIR; };
		902C3868288D804B002F666E /* AppDelegate.swift */ = {isa = PBXFileReference; lastKnownFileType = sourcecode.swift; path = AppDelegate.swift; sourceTree = "<group>"; };
		902C386A288D804B002F666E /* SceneDelegate.swift */ = {isa = PBXFileReference; lastKnownFileType = sourcecode.swift; path = SceneDelegate.swift; sourceTree = "<group>"; };
		902C386C288D804B002F666E /* MainPageVC.swift */ = {isa = PBXFileReference; lastKnownFileType = sourcecode.swift; path = MainPageVC.swift; sourceTree = "<group>"; };
		902C386F288D804B002F666E /* Base */ = {isa = PBXFileReference; lastKnownFileType = file.storyboard; name = Base; path = Base.lproj/Main.storyboard; sourceTree = "<group>"; };
		902C3871288D804D002F666E /* Assets.xcassets */ = {isa = PBXFileReference; lastKnownFileType = folder.assetcatalog; path = Assets.xcassets; sourceTree = "<group>"; };
		902C3874288D804D002F666E /* Base */ = {isa = PBXFileReference; lastKnownFileType = file.storyboard; name = Base; path = Base.lproj/LaunchScreen.storyboard; sourceTree = "<group>"; };
		902C3876288D804D002F666E /* Info.plist */ = {isa = PBXFileReference; lastKnownFileType = text.plist.xml; path = Info.plist; sourceTree = "<group>"; };
		902C387C288D80FC002F666E /* UserRegistrationVC.swift */ = {isa = PBXFileReference; lastKnownFileType = sourcecode.swift; path = UserRegistrationVC.swift; sourceTree = "<group>"; };
		902C387E288D810F002F666E /* UserDetailVC.swift */ = {isa = PBXFileReference; lastKnownFileType = sourcecode.swift; path = UserDetailVC.swift; sourceTree = "<group>"; };
		902C3880288D85D7002F666E /* Users.swift */ = {isa = PBXFileReference; lastKnownFileType = sourcecode.swift; path = Users.swift; sourceTree = "<group>"; };
		902C3882288D88B1002F666E /* TableViewCell.swift */ = {isa = PBXFileReference; lastKnownFileType = sourcecode.swift; path = TableViewCell.swift; sourceTree = "<group>"; };
/* End PBXFileReference section */

/* Begin PBXFrameworksBuildPhase section */
		902C3862288D804B002F666E /* Frameworks */ = {
			isa = PBXFrameworksBuildPhase;
			buildActionMask = 2147483647;
			files = (
			);
			runOnlyForDeploymentPostprocessing = 0;
		};
/* End PBXFrameworksBuildPhase section */

/* Begin PBXGroup section */
		9029256D288E9476009EA09F /* Mainpage-Module */ = {
			isa = PBXGroup;
			children = (
				90292570288E94B8009EA09F /* View */,
				90292575288E9501009EA09F /* TableView */,
				90292574288E94D1009EA09F /* Protocols */,
				90292573288E94CB009EA09F /* Router */,
				90292572288E94C4009EA09F /* Interactor */,
				90292571288E94BD009EA09F /* Presenter */,
			);
			path = "Mainpage-Module";
			sourceTree = "<group>";
		};
		9029256E288E9492009EA09F /* UserRegistration-Module */ = {
			isa = PBXGroup;
			children = (
				90292583288E95B7009EA09F /* Protocols */,
				90292582288E95B1009EA09F /* Router */,
				90292581288E95AB009EA09F /* Interactor */,
				90292580288E95A5009EA09F /* Presenter */,
				9029257F288E959B009EA09F /* View */,
			);
			path = "UserRegistration-Module";
			sourceTree = "<group>";
		};
		9029256F288E94A1009EA09F /* UserDetail-Module */ = {
			isa = PBXGroup;
			children = (
				90292590288E963E009EA09F /* Protocols */,
				9029258F288E9638009EA09F /* Router */,
				9029258E288E9633009EA09F /* Interactor */,
				9029258D288E962E009EA09F /* Presenter */,
				9029258C288E9628009EA09F /* View */,
			);
			path = "UserDetail-Module";
			sourceTree = "<group>";
		};
		90292570288E94B8009EA09F /* View */ = {
			isa = PBXGroup;
			children = (
				902C386C288D804B002F666E /* MainPageVC.swift */,
			);
			path = View;
			sourceTree = "<group>";
		};
		90292571288E94BD009EA09F /* Presenter */ = {
			isa = PBXGroup;
			children = (
				9029257D288E957B009EA09F /* MainPagePresenter.swift */,
			);
			path = Presenter;
			sourceTree = "<group>";
		};
		90292572288E94C4009EA09F /* Interactor */ = {
			isa = PBXGroup;
			children = (
				9029257B288E9565009EA09F /* MainPageInteractor.swift */,
			);
			path = Interactor;
			sourceTree = "<group>";
		};
		90292573288E94CB009EA09F /* Router */ = {
			isa = PBXGroup;
			children = (
				90292579288E954D009EA09F /* MainPageRouter.swift */,
			);
			path = Router;
			sourceTree = "<group>";
		};
		90292574288E94D1009EA09F /* Protocols */ = {
			isa = PBXGroup;
			children = (
				90292577288E953F009EA09F /* MainPageProtocols.swift */,
			);
			path = Protocols;
			sourceTree = "<group>";
		};
		90292575288E9501009EA09F /* TableView */ = {
			isa = PBXGroup;
			children = (
				902C3882288D88B1002F666E /* TableViewCell.swift */,
			);
			path = TableView;
			sourceTree = "<group>";
		};
		90292576288E951C009EA09F /* Entity */ = {
			isa = PBXGroup;
			children = (
				902C3880288D85D7002F666E /* Users.swift */,
			);
			path = Entity;
			sourceTree = "<group>";
		};
		9029257F288E959B009EA09F /* View */ = {
			isa = PBXGroup;
			children = (
				902C387C288D80FC002F666E /* UserRegistrationVC.swift */,
			);
			path = View;
			sourceTree = "<group>";
		};
		90292580288E95A5009EA09F /* Presenter */ = {
			isa = PBXGroup;
			children = (
				9029258A288E95F5009EA09F /* UserRegistrationPresenter.swift */,
			);
			path = Presenter;
			sourceTree = "<group>";
		};
		90292581288E95AB009EA09F /* Interactor */ = {
			isa = PBXGroup;
			children = (
				90292588288E95EA009EA09F /* UserRegistrationInteractor.swift */,
			);
			path = Interactor;
			sourceTree = "<group>";
		};
		90292582288E95B1009EA09F /* Router */ = {
			isa = PBXGroup;
			children = (
				90292586288E95DD009EA09F /* UserRegistrationRouter.swift */,
			);
			path = Router;
			sourceTree = "<group>";
		};
		90292583288E95B7009EA09F /* Protocols */ = {
			isa = PBXGroup;
			children = (
				90292584288E95D1009EA09F /* UserRegistrationProtocols.swift */,
			);
			path = Protocols;
			sourceTree = "<group>";
		};
		9029258C288E9628009EA09F /* View */ = {
			isa = PBXGroup;
			children = (
				902C387E288D810F002F666E /* UserDetailVC.swift */,
			);
			path = View;
			sourceTree = "<group>";
		};
		9029258D288E962E009EA09F /* Presenter */ = {
			isa = PBXGroup;
			children = (
				90292597288E9674009EA09F /* UserDetailPresenter.swift */,
			);
			path = Presenter;
			sourceTree = "<group>";
		};
		9029258E288E9633009EA09F /* Interactor */ = {
			isa = PBXGroup;
			children = (
				90292595288E9666009EA09F /* UserDetailInteractor.swift */,
			);
			path = Interactor;
			sourceTree = "<group>";
		};
		9029258F288E9638009EA09F /* Router */ = {
			isa = PBXGroup;
			children = (
				90292593288E9658009EA09F /* UserDetailRouter.swift */,
			);
			path = Router;
			sourceTree = "<group>";
		};
		90292590288E963E009EA09F /* Protocols */ = {
			isa = PBXGroup;
			children = (
				90292591288E964C009EA09F /* UserDetailProtocols.swift */,
			);
			path = Protocols;
			sourceTree = "<group>";
		};
		902C385C288D804B002F666E = {
			isa = PBXGroup;
			children = (
				902C3867288D804B002F666E /* UsersApp */,
				902C3866288D804B002F666E /* Products */,
			);
			sourceTree = "<group>";
		};
		902C3866288D804B002F666E /* Products */ = {
			isa = PBXGroup;
			children = (
				902C3865288D804B002F666E /* UsersApp.app */,
			);
			name = Products;
			sourceTree = "<group>";
		};
		902C3867288D804B002F666E /* UsersApp */ = {
			isa = PBXGroup;
			children = (
				9029256F288E94A1009EA09F /* UserDetail-Module */,
				9029256E288E9492009EA09F /* UserRegistration-Module */,
				9029256D288E9476009EA09F /* Mainpage-Module */,
				90292576288E951C009EA09F /* Entity */,
				902C3868288D804B002F666E /* AppDelegate.swift */,
				902C386A288D804B002F666E /* SceneDelegate.swift */,
				902C386E288D804B002F666E /* Main.storyboard */,
				902C3871288D804D002F666E /* Assets.xcassets */,
				902C3873288D804D002F666E /* LaunchScreen.storyboard */,
				902C3876288D804D002F666E /* Info.plist */,
			);
			path = UsersApp;
			sourceTree = "<group>";
		};
/* End PBXGroup section */

/* Begin PBXNativeTarget section */
		902C3864288D804B002F666E /* UsersApp */ = {
			isa = PBXNativeTarget;
			buildConfigurationList = 902C3879288D804D002F666E /* Build configuration list for PBXNativeTarget "UsersApp" */;
			buildPhases = (
				902C3861288D804B002F666E /* Sources */,
				902C3862288D804B002F666E /* Frameworks */,
				902C3863288D804B002F666E /* Resources */,
			);
			buildRules = (
			);
			dependencies = (
			);
			name = UsersApp;
			productName = UsersApp;
			productReference = 902C3865288D804B002F666E /* UsersApp.app */;
			productType = "com.apple.product-type.application";
		};
/* End PBXNativeTarget section */

/* Begin PBXProject section */
		902C385D288D804B002F666E /* Project object */ = {
			isa = PBXProject;
			attributes = {
				BuildIndependentTargetsInParallel = 1;
				LastSwiftUpdateCheck = 1340;
				LastUpgradeCheck = 1340;
				TargetAttributes = {
					902C3864288D804B002F666E = {
						CreatedOnToolsVersion = 13.4.1;
					};
				};
			};
			buildConfigurationList = 902C3860288D804B002F666E /* Build configuration list for PBXProject "UsersApp" */;
			compatibilityVersion = "Xcode 13.0";
			developmentRegion = en;
			hasScannedForEncodings = 0;
			knownRegions = (
				en,
				Base,
			);
			mainGroup = 902C385C288D804B002F666E;
			productRefGroup = 902C3866288D804B002F666E /* Products */;
			projectDirPath = "";
			projectRoot = "";
			targets = (
				902C3864288D804B002F666E /* UsersApp */,
			);
		};
/* End PBXProject section */

/* Begin PBXResourcesBuildPhase section */
		902C3863288D804B002F666E /* Resources */ = {
			isa = PBXResourcesBuildPhase;
			buildActionMask = 2147483647;
			files = (
				902C3875288D804D002F666E /* LaunchScreen.storyboard in Resources */,
				902C3872288D804D002F666E /* Assets.xcassets in Resources */,
				902C3870288D804B002F666E /* Main.storyboard in Resources */,
			);
			runOnlyForDeploymentPostprocessing = 0;
		};
/* End PBXResourcesBuildPhase section */

/* Begin PBXSourcesBuildPhase section */
		902C3861288D804B002F666E /* Sources */ = {
			isa = PBXSourcesBuildPhase;
			buildActionMask = 2147483647;
			files = (
				90292596288E9666009EA09F /* UserDetailInteractor.swift in Sources */,
				902C386D288D804B002F666E /* MainPageVC.swift in Sources */,
				90292585288E95D1009EA09F /* UserRegistrationProtocols.swift in Sources */,
				90292578288E953F009EA09F /* MainPageProtocols.swift in Sources */,
				90292587288E95DD009EA09F /* UserRegistrationRouter.swift in Sources */,
				9029257A288E954D009EA09F /* MainPageRouter.swift in Sources */,
				902C3869288D804B002F666E /* AppDelegate.swift in Sources */,
				90292589288E95EA009EA09F /* UserRegistrationInteractor.swift in Sources */,
				9029257E288E957B009EA09F /* MainPagePresenter.swift in Sources */,
				90292594288E9658009EA09F /* UserDetailRouter.swift in Sources */,
				902C387D288D80FC002F666E /* UserRegistrationVC.swift in Sources */,
				9029258B288E95F5009EA09F /* UserRegistrationPresenter.swift in Sources */,
				90292598288E9674009EA09F /* UserDetailPresenter.swift in Sources */,
				902C386B288D804B002F666E /* SceneDelegate.swift in Sources */,
				90292592288E964C009EA09F /* UserDetailProtocols.swift in Sources */,
				9029257C288E9565009EA09F /* MainPageInteractor.swift in Sources */,
				902C3881288D85D7002F666E /* Users.swift in Sources */,
				902C3883288D88B1002F666E /* TableViewCell.swift in Sources */,
				902C387F288D810F002F666E /* UserDetailVC.swift in Sources */,
			);
			runOnlyForDeploymentPostprocessing = 0;
		};
/* End PBXSourcesBuildPhase section */

/* Begin PBXVariantGroup section */
		902C386E288D804B002F666E /* Main.storyboard */ = {
			isa = PBXVariantGroup;
			children = (
				902C386F288D804B002F666E /* Base */,
			);
			name = Main.storyboard;
			sourceTree = "<group>";
		};
		902C3873288D804D002F666E /* LaunchScreen.storyboard */ = {
			isa = PBXVariantGroup;
			children = (
				902C3874288D804D002F666E /* Base */,
			);
			name = LaunchScreen.storyboard;
			sourceTree = "<group>";
		};
/* End PBXVariantGroup section */

/* Begin XCBuildConfiguration section */
		902C3877288D804D002F666E /* Debug */ = {
			isa = XCBuildConfiguration;
			buildSettings = {
				ALWAYS_SEARCH_USER_PATHS = NO;
				CLANG_ANALYZER_NONNULL = YES;
				CLANG_ANALYZER_NUMBER_OBJECT_CONVERSION = YES_AGGRESSIVE;
				CLANG_CXX_LANGUAGE_STANDARD = "gnu++17";
				CLANG_ENABLE_MODULES = YES;
				CLANG_ENABLE_OBJC_ARC = YES;
				CLANG_ENABLE_OBJC_WEAK = YES;
				CLANG_WARN_BLOCK_CAPTURE_AUTORELEASING = YES;
				CLANG_WARN_BOOL_CONVERSION = YES;
				CLANG_WARN_COMMA = YES;
				CLANG_WARN_CONSTANT_CONVERSION = YES;
				CLANG_WARN_DEPRECATED_OBJC_IMPLEMENTATIONS = YES;
				CLANG_WARN_DIRECT_OBJC_ISA_USAGE = YES_ERROR;
				CLANG_WARN_DOCUMENTATION_COMMENTS = YES;
				CLANG_WARN_EMPTY_BODY = YES;
				CLANG_WARN_ENUM_CONVERSION = YES;
				CLANG_WARN_INFINITE_RECURSION = YES;
				CLANG_WARN_INT_CONVERSION = YES;
				CLANG_WARN_NON_LITERAL_NULL_CONVERSION = YES;
				CLANG_WARN_OBJC_IMPLICIT_RETAIN_SELF = YES;
				CLANG_WARN_OBJC_LITERAL_CONVERSION = YES;
				CLANG_WARN_OBJC_ROOT_CLASS = YES_ERROR;
				CLANG_WARN_QUOTED_INCLUDE_IN_FRAMEWORK_HEADER = YES;
				CLANG_WARN_RANGE_LOOP_ANALYSIS = YES;
				CLANG_WARN_STRICT_PROTOTYPES = YES;
				CLANG_WARN_SUSPICIOUS_MOVE = YES;
				CLANG_WARN_UNGUARDED_AVAILABILITY = YES_AGGRESSIVE;
				CLANG_WARN_UNREACHABLE_CODE = YES;
				CLANG_WARN__DUPLICATE_METHOD_MATCH = YES;
				COPY_PHASE_STRIP = NO;
				DEBUG_INFORMATION_FORMAT = dwarf;
				ENABLE_STRICT_OBJC_MSGSEND = YES;
				ENABLE_TESTABILITY = YES;
				GCC_C_LANGUAGE_STANDARD = gnu11;
				GCC_DYNAMIC_NO_PIC = NO;
				GCC_NO_COMMON_BLOCKS = YES;
				GCC_OPTIMIZATION_LEVEL = 0;
				GCC_PREPROCESSOR_DEFINITIONS = (
					"DEBUG=1",
					"$(inherited)",
				);
				GCC_WARN_64_TO_32_BIT_CONVERSION = YES;
				GCC_WARN_ABOUT_RETURN_TYPE = YES_ERROR;
				GCC_WARN_UNDECLARED_SELECTOR = YES;
				GCC_WARN_UNINITIALIZED_AUTOS = YES_AGGRESSIVE;
				GCC_WARN_UNUSED_FUNCTION = YES;
				GCC_WARN_UNUSED_VARIABLE = YES;
				IPHONEOS_DEPLOYMENT_TARGET = 15.5;
				MTL_ENABLE_DEBUG_INFO = INCLUDE_SOURCE;
				MTL_FAST_MATH = YES;
				ONLY_ACTIVE_ARCH = YES;
				SDKROOT = iphoneos;
				SWIFT_ACTIVE_COMPILATION_CONDITIONS = DEBUG;
				SWIFT_OPTIMIZATION_LEVEL = "-Onone";
			};
			name = Debug;
		};
		902C3878288D804D002F666E /* Release */ = {
			isa = XCBuildConfiguration;
			buildSettings = {
				ALWAYS_SEARCH_USER_PATHS = NO;
				CLANG_ANALYZER_NONNULL = YES;
				CLANG_ANALYZER_NUMBER_OBJECT_CONVERSION = YES_AGGRESSIVE;
				CLANG_CXX_LANGUAGE_STANDARD = "gnu++17";
				CLANG_ENABLE_MODULES = YES;
				CLANG_ENABLE_OBJC_ARC = YES;
				CLANG_ENABLE_OBJC_WEAK = YES;
				CLANG_WARN_BLOCK_CAPTURE_AUTORELEASING = YES;
				CLANG_WARN_BOOL_CONVERSION = YES;
				CLANG_WARN_COMMA = YES;
				CLANG_WARN_CONSTANT_CONVERSION = YES;
				CLANG_WARN_DEPRECATED_OBJC_IMPLEMENTATIONS = YES;
				CLANG_WARN_DIRECT_OBJC_ISA_USAGE = YES_ERROR;
				CLANG_WARN_DOCUMENTATION_COMMENTS = YES;
				CLANG_WARN_EMPTY_BODY = YES;
				CLANG_WARN_ENUM_CONVERSION = YES;
				CLANG_WARN_INFINITE_RECURSION = YES;
				CLANG_WARN_INT_CONVERSION = YES;
				CLANG_WARN_NON_LITERAL_NULL_CONVERSION = YES;
				CLANG_WARN_OBJC_IMPLICIT_RETAIN_SELF = YES;
				CLANG_WARN_OBJC_LITERAL_CONVERSION = YES;
				CLANG_WARN_OBJC_ROOT_CLASS = YES_ERROR;
				CLANG_WARN_QUOTED_INCLUDE_IN_FRAMEWORK_HEADER = YES;
				CLANG_WARN_RANGE_LOOP_ANALYSIS = YES;
				CLANG_WARN_STRICT_PROTOTYPES = YES;
				CLANG_WARN_SUSPICIOUS_MOVE = YES;
				CLANG_WARN_UNGUARDED_AVAILABILITY = YES_AGGRESSIVE;
				CLANG_WARN_UNREACHABLE_CODE = YES;
				CLANG_WARN__DUPLICATE_METHOD_MATCH = YES;
				COPY_PHASE_STRIP = NO;
				DEBUG_INFORMATION_FORMAT = "dwarf-with-dsym";
				ENABLE_NS_ASSERTIONS = NO;
				ENABLE_STRICT_OBJC_MSGSEND = YES;
				GCC_C_LANGUAGE_STANDARD = gnu11;
				GCC_NO_COMMON_BLOCKS = YES;
				GCC_WARN_64_TO_32_BIT_CONVERSION = YES;
				GCC_WARN_ABOUT_RETURN_TYPE = YES_ERROR;
				GCC_WARN_UNDECLARED_SELECTOR = YES;
				GCC_WARN_UNINITIALIZED_AUTOS = YES_AGGRESSIVE;
				GCC_WARN_UNUSED_FUNCTION = YES;
				GCC_WARN_UNUSED_VARIABLE = YES;
				IPHONEOS_DEPLOYMENT_TARGET = 15.5;
				MTL_ENABLE_DEBUG_INFO = NO;
				MTL_FAST_MATH = YES;
				SDKROOT = iphoneos;
				SWIFT_COMPILATION_MODE = wholemodule;
				SWIFT_OPTIMIZATION_LEVEL = "-O";
				VALIDATE_PRODUCT = YES;
			};
			name = Release;
		};
		902C387A288D804D002F666E /* Debug */ = {
			isa = XCBuildConfiguration;
			buildSettings = {
				ASSETCATALOG_COMPILER_APPICON_NAME = AppIcon;
				ASSETCATALOG_COMPILER_GLOBAL_ACCENT_COLOR_NAME = AccentColor;
				CODE_SIGN_STYLE = Automatic;
				CURRENT_PROJECT_VERSION = 1;
				DEVELOPMENT_TEAM = L26444XKX4;
				GENERATE_INFOPLIST_FILE = YES;
				INFOPLIST_FILE = UsersApp/Info.plist;
				INFOPLIST_KEY_UIApplicationSupportsIndirectInputEvents = YES;
				INFOPLIST_KEY_UILaunchStoryboardName = LaunchScreen;
				INFOPLIST_KEY_UIMainStoryboardFile = Main;
				INFOPLIST_KEY_UISupportedInterfaceOrientations_iPad = "UIInterfaceOrientationPortrait UIInterfaceOrientationPortraitUpsideDown UIInterfaceOrientationLandscapeLeft UIInterfaceOrientationLandscapeRight";
				INFOPLIST_KEY_UISupportedInterfaceOrientations_iPhone = "UIInterfaceOrientationPortrait UIInterfaceOrientationLandscapeLeft UIInterfaceOrientationLandscapeRight";
				LD_RUNPATH_SEARCH_PATHS = (
					"$(inherited)",
					"@executable_path/Frameworks",
				);
				MARKETING_VERSION = 1.0;
				PRODUCT_BUNDLE_IDENTIFIER = com.yselimguner.UsersApp;
				PRODUCT_NAME = "$(TARGET_NAME)";
				SWIFT_EMIT_LOC_STRINGS = YES;
				SWIFT_VERSION = 5.0;
				TARGETED_DEVICE_FAMILY = "1,2";
			};
			name = Debug;
		};
		902C387B288D804D002F666E /* Release */ = {
			isa = XCBuildConfiguration;
			buildSettings = {
				ASSETCATALOG_COMPILER_APPICON_NAME = AppIcon;
				ASSETCATALOG_COMPILER_GLOBAL_ACCENT_COLOR_NAME = AccentColor;
				CODE_SIGN_STYLE = Automatic;
				CURRENT_PROJECT_VERSION = 1;
				DEVELOPMENT_TEAM = L26444XKX4;
				GENERATE_INFOPLIST_FILE = YES;
				INFOPLIST_FILE = UsersApp/Info.plist;
				INFOPLIST_KEY_UIApplicationSupportsIndirectInputEvents = YES;
				INFOPLIST_KEY_UILaunchStoryboardName = LaunchScreen;
				INFOPLIST_KEY_UIMainStoryboardFile = Main;
				INFOPLIST_KEY_UISupportedInterfaceOrientations_iPad = "UIInterfaceOrientationPortrait UIInterfaceOrientationPortraitUpsideDown UIInterfaceOrientationLandscapeLeft UIInterfaceOrientationLandscapeRight";
				INFOPLIST_KEY_UISupportedInterfaceOrientations_iPhone = "UIInterfaceOrientationPortrait UIInterfaceOrientationLandscapeLeft UIInterfaceOrientationLandscapeRight";
				LD_RUNPATH_SEARCH_PATHS = (
					"$(inherited)",
					"@executable_path/Frameworks",
				);
				MARKETING_VERSION = 1.0;
				PRODUCT_BUNDLE_IDENTIFIER = com.yselimguner.UsersApp;
				PRODUCT_NAME = "$(TARGET_NAME)";
				SWIFT_EMIT_LOC_STRINGS = YES;
				SWIFT_VERSION = 5.0;
				TARGETED_DEVICE_FAMILY = "1,2";
			};
			name = Release;
		};
/* End XCBuildConfiguration section */

/* Begin XCConfigurationList section */
		902C3860288D804B002F666E /* Build configuration list for PBXProject "UsersApp" */ = {
			isa = XCConfigurationList;
			buildConfigurations = (
				902C3877288D804D002F666E /* Debug */,
				902C3878288D804D002F666E /* Release */,
			);
			defaultConfigurationIsVisible = 0;
			defaultConfigurationName = Release;
		};
		902C3879288D804D002F666E /* Build configuration list for PBXNativeTarget "UsersApp" */ = {
			isa = XCConfigurationList;
			buildConfigurations = (
				902C387A288D804D002F666E /* Debug */,
				902C387B288D804D002F666E /* Release */,
			);
			defaultConfigurationIsVisible = 0;
			defaultConfigurationName = Release;
		};
/* End XCConfigurationList section */
	};
	rootObject = 902C385D288D804B002F666E /* Project object */;
}
